
Microsoft Visual Studio Solution File, Format Version 12.00
# Visual Studio 15
VisualStudioVersion = 15.0.27130.2010
MinimumVisualStudioVersion = 10.0.40219.1
Project("{FAE04EC0-301F-11D3-BF4B-00C04F79EFBC}") = "Domain", "Domain\Domain.csproj", "{7BD38360-CE60-457E-AC99-D92FA2FCB68C}"
EndProject
Project("{FAE04EC0-301F-11D3-BF4B-00C04F79EFBC}") = "UnitTests", "UnitTests\UnitTests.csproj", "{A7555B8E-EF9A-4D6E-8B80-C48C3FF2E4E4}"
EndProject
Project("{FAE04EC0-301F-11D3-BF4B-00C04F79EFBC}") = "WebUI", "WebUI\WebUI.csproj", "{46F468C2-16E5-4943-ADD0-8DF2655E4CE6}"
EndProject
Global
	GlobalSection(SolutionConfigurationPlatforms) = preSolution
		Debug|Any CPU = Debug|Any CPU
		Release|Any CPU = Release|Any CPU
	EndGlobalSection
	GlobalSection(ProjectConfigurationPlatforms) = postSolution
		{7BD38360-CE60-457E-AC99-D92FA2FCB68C}.Debug|Any CPU.ActiveCfg = Debug|Any CPU
		{7BD38360-CE60-457E-AC99-D92FA2FCB68C}.Debug|Any CPU.Build.0 = Debug|Any CPU
		{7BD38360-CE60-457E-AC99-D92FA2FCB68C}.Release|Any CPU.ActiveCfg = Release|Any CPU
		{7BD38360-CE60-457E-AC99-D92FA2FCB68C}.Release|Any CPU.Build.0 = Release|Any CPU
		{A7555B8E-EF9A-4D6E-8B80-C48C3FF2E4E4}.Debug|Any CPU.ActiveCfg = Debug|Any CPU
		{A7555B8E-EF9A-4D6E-8B80-C48C3FF2E4E4}.Debug|Any CPU.Build.0 = Debug|Any CPU
		{A7555B8E-EF9A-4D6E-8B80-C48C3FF2E4E4}.Release|Any CPU.ActiveCfg = Release|Any CPU
		{A7555B8E-EF9A-4D6E-8B80-C48C3FF2E4E4}.Release|Any CPU.Build.0 = Release|Any CPU
		{46F468C2-16E5-4943-ADD0-8DF2655E4CE6}.Debug|Any CPU.ActiveCfg = Debug|Any CPU
		{46F468C2-16E5-4943-ADD0-8DF2655E4CE6}.Debug|Any CPU.Build.0 = Debug|Any CPU
		{46F468C2-16E5-4943-ADD0-8DF2655E4CE6}.Release|Any CPU.ActiveCfg = Release|Any CPU
		{46F468C2-16E5-4943-ADD0-8DF2655E4CE6}.Release|Any CPU.Build.0 = Release|Any CPU
	EndGlobalSection
	GlobalSection(SolutionProperties) = preSolution
		HideSolutionNode = FALSE
	EndGlobalSection
	GlobalSection(ExtensibilityGlobals) = postSolution
		SolutionGuid = {98DBCAC6-7BBC-4DAD-895F-2261289D65B0}
	EndGlobalSection
EndGlobal
